// !$*UTF8*$!
{
	archiveVersion = 1;
	classes = {
	};
	objectVersion = 46;
	objects = {

/* Begin PBXBuildFile section */
		3A22C3FF1C6B442800AAAC7E /* libexpr.a in Frameworks */ = {isa = PBXBuildFile; fileRef = 3A22C3FE1C6B442800AAAC7E /* libexpr.a */; };
		3ABB55041C677AEE00B43CE8 /* main.cpp in Sources */ = {isa = PBXBuildFile; fileRef = 3ABB55031C677AEE00B43CE8 /* main.cpp */; };
/* End PBXBuildFile section */

/* Begin PBXCopyFilesBuildPhase section */
		3ABB54F71C677AC400B43CE8 /* CopyFiles */ = {
			isa = PBXCopyFilesBuildPhase;
			buildActionMask = 2147483647;
			dstPath = /usr/share/man/man1/;
			dstSubfolderSpec = 0;
			files = (
			);
			runOnlyForDeploymentPostprocessing = 1;
		};
/* End PBXCopyFilesBuildPhase section */

/* Begin PBXFileReference section */
		3A22C3FE1C6B442800AAAC7E /* libexpr.a */ = {isa = PBXFileReference; lastKnownFileType = archive.ar; name = libexpr.a; path = "../../../../../Library/Developer/Xcode/DerivedData/sat_solver-divtordrzayzncbrzpiqqebnrgyc/Build/Products/Debug/libexpr.a"; sourceTree = "<group>"; };
		3ABB54F91C677AC400B43CE8 /* sat */ = {isa = PBXFileReference; explicitFileType = "compiled.mach-o.executable"; includeInIndex = 0; path = sat; sourceTree = BUILT_PRODUCTS_DIR; };
		3ABB55031C677AEE00B43CE8 /* main.cpp */ = {isa = PBXFileReference; fileEncoding = 4; lastKnownFileType = sourcecode.cpp.cpp; path = main.cpp; sourceTree = "<group>"; };
/* End PBXFileReference section */

/* Begin PBXFrameworksBuildPhase section */
		3ABB54F61C677AC400B43CE8 /* Frameworks */ = {
			isa = PBXFrameworksBuildPhase;
			buildActionMask = 2147483647;
			files = (
				3A22C3FF1C6B442800AAAC7E /* libexpr.a in Frameworks */,
			);
			runOnlyForDeploymentPostprocessing = 0;
		};
/* End PBXFrameworksBuildPhase section */

/* Begin PBXGroup section */
		3ABB54F01C677AC400B43CE8 = {
			isa = PBXGroup;
			children = (
				3A22C3FE1C6B442800AAAC7E /* libexpr.a */,
				3ABB55031C677AEE00B43CE8 /* main.cpp */,
				3ABB54FA1C677AC400B43CE8 /* Products */,
			);
			sourceTree = "<group>";
		};
		3ABB54FA1C677AC400B43CE8 /* Products */ = {
			isa = PBXGroup;
			children = (
				3ABB54F91C677AC400B43CE8 /* sat */,
			);
			name = Products;
			sourceTree = "<group>";
		};
/* End PBXGroup section */

/* Begin PBXNativeTarget section */
		3ABB54F81C677AC400B43CE8 /* sat */ = {
			isa = PBXNativeTarget;
			buildConfigurationList = 3ABB55001C677AC400B43CE8 /* Build configuration list for PBXNativeTarget "sat" */;
			buildPhases = (
				3ABB54F51C677AC400B43CE8 /* Sources */,
				3ABB54F61C677AC400B43CE8 /* Frameworks */,
				3ABB54F71C677AC400B43CE8 /* CopyFiles */,
			);
			buildRules = (
			);
			dependencies = (
			);
			name = sat;
			productName = sat;
			productReference = 3ABB54F91C677AC400B43CE8 /* sat */;
			productType = "com.apple.product-type.tool";
		};
/* End PBXNativeTarget section */

/* Begin PBXProject section */
		3ABB54F11C677AC400B43CE8 /* Project object */ = {
			isa = PBXProject;
			attributes = {
				LastUpgradeCheck = 0720;
				ORGANIZATIONNAME = scalexm;
				TargetAttributes = {
					3ABB54F81C677AC400B43CE8 = {
						CreatedOnToolsVersion = 7.2;
					};
				};
			};
			buildConfigurationList = 3ABB54F41C677AC400B43CE8 /* Build configuration list for PBXProject "sat" */;
			compatibilityVersion = "Xcode 3.2";
			developmentRegion = English;
			hasScannedForEncodings = 0;
			knownRegions = (
				en,
			);
			mainGroup = 3ABB54F01C677AC400B43CE8;
			productRefGroup = 3ABB54FA1C677AC400B43CE8 /* Products */;
			projectDirPath = "";
			projectRoot = "";
			targets = (
				3ABB54F81C677AC400B43CE8 /* sat */,
			);
		};
/* End PBXProject section */

/* Begin PBXSourcesBuildPhase section */
		3ABB54F51C677AC400B43CE8 /* Sources */ = {
			isa = PBXSourcesBuildPhase;
			buildActionMask = 2147483647;
			files = (
				3ABB55041C677AEE00B43CE8 /* main.cpp in Sources */,
			);
			runOnlyForDeploymentPostprocessing = 0;
		};
/* End PBXSourcesBuildPhase section */

/* Begin XCBuildConfiguration section */
		3ABB54FE1C677AC400B43CE8 /* Debug */ = {
			isa = XCBuildConfiguration;
			buildSettings = {
				ALWAYS_SEARCH_USER_PATHS = NO;
				CLANG_CXX_LANGUAGE_STANDARD = "gnu++0x";
				CLANG_CXX_LIBRARY = "libc++";
				CLANG_ENABLE_MODULES = YES;
				CLANG_ENABLE_OBJC_ARC = YES;
				CLANG_WARN_BOOL_CONVERSION = YES;
				CLANG_WARN_CONSTANT_CONVERSION = YES;
				CLANG_WARN_DIRECT_OBJC_ISA_USAGE = YES_ERROR;
				CLANG_WARN_EMPTY_BODY = YES;
				CLANG_WARN_ENUM_CONVERSION = YES;
				CLANG_WARN_INT_CONVERSION = YES;
				CLANG_WARN_OBJC_ROOT_CLASS = YES_ERROR;
				CLANG_WARN_UNREACHABLE_CODE = YES;
				CLANG_WARN__DUPLICATE_METHOD_MATCH = YES;
				CODE_SIGN_IDENTITY = "-";
				COPY_PHASE_STRIP = NO;
				DEBUG_INFORMATION_FORMAT = dwarf;
				ENABLE_STRICT_OBJC_MSGSEND = YES;
				ENABLE_TESTABILITY = YES;
				GCC_C_LANGUAGE_STANDARD = gnu99;
				GCC_DYNAMIC_NO_PIC = NO;
				GCC_NO_COMMON_BLOCKS = YES;
				GCC_OPTIMIZATION_LEVEL = 0;
				GCC_PREPROCESSOR_DEFINITIONS = (
					"DEBUG=1",
					"$(inherited)",
				);
				GCC_WARN_64_TO_32_BIT_CONVERSION = YES;
				GCC_WARN_ABOUT_RETURN_TYPE = YES_ERROR;
				GCC_WARN_UNDECLARED_SELECTOR = YES;
				GCC_WARN_UNINITIALIZED_AUTOS = YES_AGGRESSIVE;
				GCC_WARN_UNUSED_FUNCTION = YES;
				GCC_WARN_UNUSED_VARIABLE = YES;
				HEADER_SEARCH_PATHS = ../include;
				MACOSX_DEPLOYMENT_TARGET = 10.11;
				MTL_ENABLE_DEBUG_INFO = YES;
				ONLY_ACTIVE_ARCH = YES;
				SDKROOT = macosx;
			};
			name = Debug;
		};
		3ABB54FF1C677AC400B43CE8 /* Release */ = {
			isa = XCBuildConfiguration;
			buildSettings = {
				ALWAYS_SEARCH_USER_PATHS = NO;
				CLANG_CXX_LANGUAGE_STANDARD = "gnu++0x";
				CLANG_CXX_LIBRARY = "libc++";
				CLANG_ENABLE_MODULES = YES;
				CLANG_ENABLE_OBJC_ARC = YES;
				CLANG_WARN_BOOL_CONVERSION = YES;
				CLANG_WARN_CONSTANT_CONVERSION = YES;
				CLANG_WARN_DIRECT_OBJC_ISA_USAGE = YES_ERROR;
				CLANG_WARN_EMPTY_BODY = YES;
				CLANG_WARN_ENUM_CONVERSION = YES;
				CLANG_WARN_INT_CONVERSION = YES;
				CLANG_WARN_OBJC_ROOT_CLASS = YES_ERROR;
				CLANG_WARN_UNREACHABLE_CODE = YES;
				CLANG_WARN__DUPLICATE_METHOD_MATCH = YES;
				CODE_SIGN_IDENTITY = "-";
				COPY_PHASE_STRIP = NO;
				DEBUG_INFORMATION_FORMAT = "dwarf-with-dsym";
				ENABLE_NS_ASSERTIONS = NO;
				ENABLE_STRICT_OBJC_MSGSEND = YES;
				GCC_C_LANGUAGE_STANDARD = gnu99;
				GCC_NO_COMMON_BLOCKS = YES;
				GCC_WARN_64_TO_32_BIT_CONVERSION = YES;
				GCC_WARN_ABOUT_RETURN_TYPE = YES_ERROR;
				GCC_WARN_UNDECLARED_SELECTOR = YES;
				GCC_WARN_UNINITIALIZED_AUTOS = YES_AGGRESSIVE;
				GCC_WARN_UNUSED_FUNCTION = YES;
				GCC_WARN_UNUSED_VARIABLE = YES;
				HEADER_SEARCH_PATHS = ../include;
				MACOSX_DEPLOYMENT_TARGET = 10.11;
				MTL_ENABLE_DEBUG_INFO = NO;
				SDKROOT = macosx;
			};
			name = Release;
		};
		3ABB55011C677AC400B43CE8 /* Debug */ = {
			isa = XCBuildConfiguration;
			buildSettings = {
				CLANG_CXX_LANGUAGE_STANDARD = "c++0x";
				PRODUCT_NAME = "$(TARGET_NAME)";
			};
			name = Debug;
		};
		3ABB55021C677AC400B43CE8 /* Release */ = {
			isa = XCBuildConfiguration;
			buildSettings = {
				CLANG_CXX_LANGUAGE_STANDARD = "c++0x";
				PRODUCT_NAME = "$(TARGET_NAME)";
			};
			name = Release;
		};
/* End XCBuildConfiguration section */

/* Begin XCConfigurationList section */
		3ABB54F41C677AC400B43CE8 /* Build configuration list for PBXProject "sat" */ = {
			isa = XCConfigurationList;
			buildConfigurations = (
				3ABB54FE1C677AC400B43CE8 /* Debug */,
				3ABB54FF1C677AC400B43CE8 /* Release */,
			);
			defaultConfigurationIsVisible = 0;
			defaultConfigurationName = Release;
		};
		3ABB55001C677AC400B43CE8 /* Build configuration list for PBXNativeTarget "sat" */ = {
			isa = XCConfigurationList;
			buildConfigurations = (
				3ABB55011C677AC400B43CE8 /* Debug */,
				3ABB55021C677AC400B43CE8 /* Release */,
			);
			defaultConfigurationIsVisible = 0;
			defaultConfigurationName = Release;
		};
/* End XCConfigurationList section */
	};
	rootObject = 3ABB54F11C677AC400B43CE8 /* Project object */;
}
